
Microsoft Visual Studio Solution File, Format Version 12.00
# Visual Studio Version 16
VisualStudioVersion = 16.0.32228.343
MinimumVisualStudioVersion = 10.0.40219.1
Project("{9A19103F-16F7-4668-BE54-9A1E7A4F7556}") = "RestAPIwithSOAPIntegration", "SOAPWSEx1\RestAPIwithSOAPIntegration.csproj", "{400A849F-39E9-469E-B319-47345C5096A7}"
EndProject
Global
	GlobalSection(SolutionConfigurationPlatforms) = preSolution
		Debug|Any CPU = Debug|Any CPU
		Release|Any CPU = Release|Any CPU
	EndGlobalSection
	GlobalSection(ProjectConfigurationPlatforms) = postSolution
		{400A849F-39E9-469E-B319-47345C5096A7}.Debug|Any CPU.ActiveCfg = Debug|Any CPU
		{400A849F-39E9-469E-B319-47345C5096A7}.Debug|Any CPU.Build.0 = Debug|Any CPU
		{400A849F-39E9-469E-B319-47345C5096A7}.Release|Any CPU.ActiveCfg = Release|Any CPU
		{400A849F-39E9-469E-B319-47345C5096A7}.Release|Any CPU.Build.0 = Release|Any CPU
	EndGlobalSection
	GlobalSection(SolutionProperties) = preSolution
		HideSolutionNode = FALSE
	EndGlobalSection
	GlobalSection(ExtensibilityGlobals) = postSolution
		SolutionGuid = {FE68D209-0127-4837-845F-E58D6154F8E1}
	EndGlobalSection
EndGlobal
